
Microsoft Visual Studio Solution File, Format Version 12.00
# Visual Studio Version 17
VisualStudioVersion = 17.8.34330.188
MinimumVisualStudioVersion = 10.0.40219.1
Project("{9A19103F-16F7-4668-BE54-9A1E7A4F7556}") = "Dziekanat", "Dziekanat.csproj", "{EFEC2232-6014-4D1B-8FCB-9972B3C1DA93}"
EndProject
Global
	GlobalSection(SolutionConfigurationPlatforms) = preSolution
		Debug|Any CPU = Debug|Any CPU
		Release|Any CPU = Release|Any CPU
	EndGlobalSection
	GlobalSection(ProjectConfigurationPlatforms) = postSolution
		{EFEC2232-6014-4D1B-8FCB-9972B3C1DA93}.Debug|Any CPU.ActiveCfg = Debug|Any CPU
		{EFEC2232-6014-4D1B-8FCB-9972B3C1DA93}.Debug|Any CPU.Build.0 = Debug|Any CPU
		{EFEC2232-6014-4D1B-8FCB-9972B3C1DA93}.Release|Any CPU.ActiveCfg = Release|Any CPU
		{EFEC2232-6014-4D1B-8FCB-9972B3C1DA93}.Release|Any CPU.Build.0 = Release|Any CPU
	EndGlobalSection
	GlobalSection(SolutionProperties) = preSolution
		HideSolutionNode = FALSE
	EndGlobalSection
	GlobalSection(ExtensibilityGlobals) = postSolution
		SolutionGuid = {4EB38080-E01D-468A-9C47-47549EA96015}
	EndGlobalSection
EndGlobal
